
Microsoft Visual Studio Solution File, Format Version 11.00
# Visual Studio 2010
Project("{FAE04EC0-301F-11D3-BF4B-00C04F79EFBC}") = "book_crawler", "book_crawler\book_crawler.csproj", "{161BF9A1-B290-49B6-A341-5196820B6911}"
EndProject
Global
	GlobalSection(SolutionConfigurationPlatforms) = preSolution
		Debug|x86 = Debug|x86
		Release|x86 = Release|x86
	EndGlobalSection
	GlobalSection(ProjectConfigurationPlatforms) = postSolution
		{161BF9A1-B290-49B6-A341-5196820B6911}.Debug|x86.ActiveCfg = Debug|x86
		{161BF9A1-B290-49B6-A341-5196820B6911}.Debug|x86.Build.0 = Debug|x86
		{161BF9A1-B290-49B6-A341-5196820B6911}.Release|x86.ActiveCfg = Release|x86
		{161BF9A1-B290-49B6-A341-5196820B6911}.Release|x86.Build.0 = Release|x86
	EndGlobalSection
	GlobalSection(MonoDevelopProperties) = preSolution
		StartupItem = book_crawler\book_crawler.csproj
	EndGlobalSection
EndGlobal
